
Microsoft Visual Studio Solution File, Format Version 12.00
# Visual Studio Version 17
VisualStudioVersion = 17.9.34728.123
MinimumVisualStudioVersion = 10.0.40219.1
Project("{FAE04EC0-301F-11D3-BF4B-00C04F79EFBC}") = "API", "API.csproj", "{E6B93241-D044-4F76-85BD-0AB9AD6D355F}"
EndProject
Project("{FAE04EC0-301F-11D3-BF4B-00C04F79EFBC}") = "Repositories", "..\Repositories\Repositories.csproj", "{5942A5D4-C95A-4D59-A06A-5D2F64ACE4F1}"
EndProject
Project("{FAE04EC0-301F-11D3-BF4B-00C04F79EFBC}") = "Services", "..\Services\Services.csproj", "{14D75BF5-93E0-4FB8-A6E7-6FA166A3251A}"
EndProject
Project("{FAE04EC0-301F-11D3-BF4B-00C04F79EFBC}") = "Helpers", "..\Helpers\Helpers.csproj", "{FF72A2DF-53CA-473D-8D9A-39C068C233C9}"
EndProject
Project("{FAE04EC0-301F-11D3-BF4B-00C04F79EFBC}") = "DAOs", "..\DAOs\DAOs.csproj", "{3E8A9116-9366-4854-AEB3-4C618AD5229A}"
EndProject
Project("{FAE04EC0-301F-11D3-BF4B-00C04F79EFBC}") = "BusinessObjects", "..\BusinessObjects\BusinessObjects.csproj", "{D1F74434-9178-4F5A-8955-7E2CA9D097C8}"
EndProject
Global
	GlobalSection(SolutionConfigurationPlatforms) = preSolution
		Debug|Any CPU = Debug|Any CPU
		Release|Any CPU = Release|Any CPU
	EndGlobalSection
	GlobalSection(ProjectConfigurationPlatforms) = postSolution
		{E6B93241-D044-4F76-85BD-0AB9AD6D355F}.Debug|Any CPU.ActiveCfg = Debug|Any CPU
		{E6B93241-D044-4F76-85BD-0AB9AD6D355F}.Debug|Any CPU.Build.0 = Debug|Any CPU
		{E6B93241-D044-4F76-85BD-0AB9AD6D355F}.Release|Any CPU.ActiveCfg = Release|Any CPU
		{E6B93241-D044-4F76-85BD-0AB9AD6D355F}.Release|Any CPU.Build.0 = Release|Any CPU
		{5942A5D4-C95A-4D59-A06A-5D2F64ACE4F1}.Debug|Any CPU.ActiveCfg = Debug|Any CPU
		{5942A5D4-C95A-4D59-A06A-5D2F64ACE4F1}.Debug|Any CPU.Build.0 = Debug|Any CPU
		{5942A5D4-C95A-4D59-A06A-5D2F64ACE4F1}.Release|Any CPU.ActiveCfg = Release|Any CPU
		{5942A5D4-C95A-4D59-A06A-5D2F64ACE4F1}.Release|Any CPU.Build.0 = Release|Any CPU
		{14D75BF5-93E0-4FB8-A6E7-6FA166A3251A}.Debug|Any CPU.ActiveCfg = Debug|Any CPU
		{14D75BF5-93E0-4FB8-A6E7-6FA166A3251A}.Debug|Any CPU.Build.0 = Debug|Any CPU
		{14D75BF5-93E0-4FB8-A6E7-6FA166A3251A}.Release|Any CPU.ActiveCfg = Release|Any CPU
		{14D75BF5-93E0-4FB8-A6E7-6FA166A3251A}.Release|Any CPU.Build.0 = Release|Any CPU
		{FF72A2DF-53CA-473D-8D9A-39C068C233C9}.Debug|Any CPU.ActiveCfg = Debug|Any CPU
		{FF72A2DF-53CA-473D-8D9A-39C068C233C9}.Debug|Any CPU.Build.0 = Debug|Any CPU
		{FF72A2DF-53CA-473D-8D9A-39C068C233C9}.Release|Any CPU.ActiveCfg = Release|Any CPU
		{FF72A2DF-53CA-473D-8D9A-39C068C233C9}.Release|Any CPU.Build.0 = Release|Any CPU
		{3E8A9116-9366-4854-AEB3-4C618AD5229A}.Debug|Any CPU.ActiveCfg = Debug|Any CPU
		{3E8A9116-9366-4854-AEB3-4C618AD5229A}.Debug|Any CPU.Build.0 = Debug|Any CPU
		{3E8A9116-9366-4854-AEB3-4C618AD5229A}.Release|Any CPU.ActiveCfg = Release|Any CPU
		{3E8A9116-9366-4854-AEB3-4C618AD5229A}.Release|Any CPU.Build.0 = Release|Any CPU
		{D1F74434-9178-4F5A-8955-7E2CA9D097C8}.Debug|Any CPU.ActiveCfg = Debug|Any CPU
		{D1F74434-9178-4F5A-8955-7E2CA9D097C8}.Debug|Any CPU.Build.0 = Debug|Any CPU
		{D1F74434-9178-4F5A-8955-7E2CA9D097C8}.Release|Any CPU.ActiveCfg = Release|Any CPU
		{D1F74434-9178-4F5A-8955-7E2CA9D097C8}.Release|Any CPU.Build.0 = Release|Any CPU
	EndGlobalSection
	GlobalSection(SolutionProperties) = preSolution
		HideSolutionNode = FALSE
	EndGlobalSection
	GlobalSection(ExtensibilityGlobals) = postSolution
		SolutionGuid = {0CF0ECC1-7AA6-472C-99EB-5217BF59E833}
	EndGlobalSection
EndGlobal
